
Microsoft Visual Studio Solution File, Format Version 12.00
# Visual Studio 15
VisualStudioVersion = 15.0.26923.0
MinimumVisualStudioVersion = 10.0.40219.1
Project("{FAE04EC0-301F-11D3-BF4B-00C04F79EFBC}") = "LottieSample.Android", "LottieSample\LottieSample.Android\LottieSample.Android.csproj", "{41D61355-6AC6-4439-A34F-9D9A7B9021CB}"
EndProject
Project("{FAE04EC0-301F-11D3-BF4B-00C04F79EFBC}") = "LottieSample", "LottieSample\LottieSample\LottieSample.csproj", "{C7A2D28C-409F-47E5-8288-88E8EB7505E4}"
EndProject
Project("{FAE04EC0-301F-11D3-BF4B-00C04F79EFBC}") = "LottieSample.UWP", "LottieSample\LottieSample.UWP\LottieSample.UWP.csproj", "{02383841-851D-4983-966C-4170B0D090D1}"
EndProject
Project("{FAE04EC0-301F-11D3-BF4B-00C04F79EFBC}") = "LottieSample.iOS", "LottieSample\LottieSample.iOS\LottieSample.iOS.csproj", "{12712B28-3396-4D5A-B526-A01149A19F27}"
EndProject
Global
	GlobalSection(SolutionConfigurationPlatforms) = preSolution
		Ad-Hoc|Any CPU = Ad-Hoc|Any CPU
		Ad-Hoc|ARM = Ad-Hoc|ARM
		Ad-Hoc|iPhone = Ad-Hoc|iPhone
		Ad-Hoc|iPhoneSimulator = Ad-Hoc|iPhoneSimulator
		Ad-Hoc|x64 = Ad-Hoc|x64
		Ad-Hoc|x86 = Ad-Hoc|x86
		AppStore|Any CPU = AppStore|Any CPU
		AppStore|ARM = AppStore|ARM
		AppStore|iPhone = AppStore|iPhone
		AppStore|iPhoneSimulator = AppStore|iPhoneSimulator
		AppStore|x64 = AppStore|x64
		AppStore|x86 = AppStore|x86
		Debug|Any CPU = Debug|Any CPU
		Debug|ARM = Debug|ARM
		Debug|iPhone = Debug|iPhone
		Debug|iPhoneSimulator = Debug|iPhoneSimulator
		Debug|x64 = Debug|x64
		Debug|x86 = Debug|x86
		Release|Any CPU = Release|Any CPU
		Release|ARM = Release|ARM
		Release|iPhone = Release|iPhone
		Release|iPhoneSimulator = Release|iPhoneSimulator
		Release|x64 = Release|x64
		Release|x86 = Release|x86
	EndGlobalSection
	GlobalSection(ProjectConfigurationPlatforms) = postSolution
		{41D61355-6AC6-4439-A34F-9D9A7B9021CB}.Ad-Hoc|Any CPU.ActiveCfg = Release|Any CPU
		{41D61355-6AC6-4439-A34F-9D9A7B9021CB}.Ad-Hoc|Any CPU.Build.0 = Release|Any CPU
		{41D61355-6AC6-4439-A34F-9D9A7B9021CB}.Ad-Hoc|Any CPU.Deploy.0 = Release|Any CPU
		{41D61355-6AC6-4439-A34F-9D9A7B9021CB}.Ad-Hoc|ARM.ActiveCfg = Release|Any CPU
		{41D61355-6AC6-4439-A34F-9D9A7B9021CB}.Ad-Hoc|ARM.Build.0 = Release|Any CPU
		{41D61355-6AC6-4439-A34F-9D9A7B9021CB}.Ad-Hoc|ARM.Deploy.0 = Release|Any CPU
		{41D61355-6AC6-4439-A34F-9D9A7B9021CB}.Ad-Hoc|iPhone.ActiveCfg = Release|Any CPU
		{41D61355-6AC6-4439-A34F-9D9A7B9021CB}.Ad-Hoc|iPhone.Build.0 = Release|Any CPU
		{41D61355-6AC6-4439-A34F-9D9A7B9021CB}.Ad-Hoc|iPhone.Deploy.0 = Release|Any CPU
		{41D61355-6AC6-4439-A34F-9D9A7B9021CB}.Ad-Hoc|iPhoneSimulator.ActiveCfg = Release|Any CPU
		{41D61355-6AC6-4439-A34F-9D9A7B9021CB}.Ad-Hoc|iPhoneSimulator.Build.0 = Release|Any CPU
		{41D61355-6AC6-4439-A34F-9D9A7B9021CB}.Ad-Hoc|iPhoneSimulator.Deploy.0 = Release|Any CPU
		{41D61355-6AC6-4439-A34F-9D9A7B9021CB}.Ad-Hoc|x64.ActiveCfg = Release|Any CPU
		{41D61355-6AC6-4439-A34F-9D9A7B9021CB}.Ad-Hoc|x64.Build.0 = Release|Any CPU
		{41D61355-6AC6-4439-A34F-9D9A7B9021CB}.Ad-Hoc|x64.Deploy.0 = Release|Any CPU
		{41D61355-6AC6-4439-A34F-9D9A7B9021CB}.Ad-Hoc|x86.ActiveCfg = Release|Any CPU
		{41D61355-6AC6-4439-A34F-9D9A7B9021CB}.Ad-Hoc|x86.Build.0 = Release|Any CPU
		{41D61355-6AC6-4439-A34F-9D9A7B9021CB}.Ad-Hoc|x86.Deploy.0 = Release|Any CPU
		{41D61355-6AC6-4439-A34F-9D9A7B9021CB}.AppStore|Any CPU.ActiveCfg = Release|Any CPU
		{41D61355-6AC6-4439-A34F-9D9A7B9021CB}.AppStore|Any CPU.Build.0 = Release|Any CPU
		{41D61355-6AC6-4439-A34F-9D9A7B9021CB}.AppStore|Any CPU.Deploy.0 = Release|Any CPU
		{41D61355-6AC6-4439-A34F-9D9A7B9021CB}.AppStore|ARM.ActiveCfg = Release|Any CPU
		{41D61355-6AC6-4439-A34F-9D9A7B9021CB}.AppStore|ARM.Build.0 = Release|Any CPU
		{41D61355-6AC6-4439-A34F-9D9A7B9021CB}.AppStore|ARM.Deploy.0 = Release|Any CPU
		{41D61355-6AC6-4439-A34F-9D9A7B9021CB}.AppStore|iPhone.ActiveCfg = Release|Any CPU
		{41D61355-6AC6-4439-A34F-9D9A7B9021CB}.AppStore|iPhone.Build.0 = Release|Any CPU
		{41D61355-6AC6-4439-A34F-9D9A7B9021CB}.AppStore|iPhone.Deploy.0 = Release|Any CPU
		{41D61355-6AC6-4439-A34F-9D9A7B9021CB}.AppStore|iPhoneSimulator.ActiveCfg = Release|Any CPU
		{41D61355-6AC6-4439-A34F-9D9A7B9021CB}.AppStore|iPhoneSimulator.Build.0 = Release|Any CPU
		{41D61355-6AC6-4439-A34F-9D9A7B9021CB}.AppStore|iPhoneSimulator.Deploy.0 = Release|Any CPU
		{41D61355-6AC6-4439-A34F-9D9A7B9021CB}.AppStore|x64.ActiveCfg = Release|Any CPU
		{41D61355-6AC6-4439-A34F-9D9A7B9021CB}.AppStore|x64.Build.0 = Release|Any CPU
		{41D61355-6AC6-4439-A34F-9D9A7B9021CB}.AppStore|x64.Deploy.0 = Release|Any CPU
		{41D61355-6AC6-4439-A34F-9D9A7B9021CB}.AppStore|x86.ActiveCfg = Release|Any CPU
		{41D61355-6AC6-4439-A34F-9D9A7B9021CB}.AppStore|x86.Build.0 = Release|Any CPU
		{41D61355-6AC6-4439-A34F-9D9A7B9021CB}.AppStore|x86.Deploy.0 = Release|Any CPU
		{41D61355-6AC6-4439-A34F-9D9A7B9021CB}.Debug|Any CPU.ActiveCfg = Debug|Any CPU
		{41D61355-6AC6-4439-A34F-9D9A7B9021CB}.Debug|Any CPU.Build.0 = Debug|Any CPU
		{41D61355-6AC6-4439-A34F-9D9A7B9021CB}.Debug|Any CPU.Deploy.0 = Debug|Any CPU
		{41D61355-6AC6-4439-A34F-9D9A7B9021CB}.Debug|ARM.ActiveCfg = Debug|Any CPU
		{41D61355-6AC6-4439-A34F-9D9A7B9021CB}.Debug|ARM.Build.0 = Debug|Any CPU
		{41D61355-6AC6-4439-A34F-9D9A7B9021CB}.Debug|ARM.Deploy.0 = Debug|Any CPU
		{41D61355-6AC6-4439-A34F-9D9A7B9021CB}.Debug|iPhone.ActiveCfg = Debug|Any CPU
		{41D61355-6AC6-4439-A34F-9D9A7B9021CB}.Debug|iPhone.Build.0 = Debug|Any CPU
		{41D61355-6AC6-4439-A34F-9D9A7B9021CB}.Debug|iPhone.Deploy.0 = Debug|Any CPU
		{41D61355-6AC6-4439-A34F-9D9A7B9021CB}.Debug|iPhoneSimulator.ActiveCfg = Debug|Any CPU
		{41D61355-6AC6-4439-A34F-9D9A7B9021CB}.Debug|iPhoneSimulator.Build.0 = Debug|Any CPU
		{41D61355-6AC6-4439-A34F-9D9A7B9021CB}.Debug|iPhoneSimulator.Deploy.0 = Debug|Any CPU
		{41D61355-6AC6-4439-A34F-9D9A7B9021CB}.Debug|x64.ActiveCfg = Debug|Any CPU
		{41D61355-6AC6-4439-A34F-9D9A7B9021CB}.Debug|x64.Build.0 = Debug|Any CPU
		{41D61355-6AC6-4439-A34F-9D9A7B9021CB}.Debug|x64.Deploy.0 = Debug|Any CPU
		{41D61355-6AC6-4439-A34F-9D9A7B9021CB}.Debug|x86.ActiveCfg = Debug|Any CPU
		{41D61355-6AC6-4439-A34F-9D9A7B9021CB}.Debug|x86.Build.0 = Debug|Any CPU
		{41D61355-6AC6-4439-A34F-9D9A7B9021CB}.Debug|x86.Deploy.0 = Debug|Any CPU
		{41D61355-6AC6-4439-A34F-9D9A7B9021CB}.Release|Any CPU.ActiveCfg = Release|Any CPU
		{41D61355-6AC6-4439-A34F-9D9A7B9021CB}.Release|Any CPU.Build.0 = Release|Any CPU
		{41D61355-6AC6-4439-A34F-9D9A7B9021CB}.Release|Any CPU.Deploy.0 = Release|Any CPU
		{41D61355-6AC6-4439-A34F-9D9A7B9021CB}.Release|ARM.ActiveCfg = Release|Any CPU
		{41D61355-6AC6-4439-A34F-9D9A7B9021CB}.Release|ARM.Build.0 = Release|Any CPU
		{41D61355-6AC6-4439-A34F-9D9A7B9021CB}.Release|ARM.Deploy.0 = Release|Any CPU
		{41D61355-6AC6-4439-A34F-9D9A7B9021CB}.Release|iPhone.ActiveCfg = Release|Any CPU
		{41D61355-6AC6-4439-A34F-9D9A7B9021CB}.Release|iPhone.Build.0 = Release|Any CPU
		{41D61355-6AC6-4439-A34F-9D9A7B9021CB}.Release|iPhone.Deploy.0 = Release|Any CPU
		{41D61355-6AC6-4439-A34F-9D9A7B9021CB}.Release|iPhoneSimulator.ActiveCfg = Release|Any CPU
		{41D61355-6AC6-4439-A34F-9D9A7B9021CB}.Release|iPhoneSimulator.Build.0 = Release|Any CPU
		{41D61355-6AC6-4439-A34F-9D9A7B9021CB}.Release|iPhoneSimulator.Deploy.0 = Release|Any CPU
		{41D61355-6AC6-4439-A34F-9D9A7B9021CB}.Release|x64.ActiveCfg = Release|Any CPU
		{41D61355-6AC6-4439-A34F-9D9A7B9021CB}.Release|x64.Build.0 = Release|Any CPU
		{41D61355-6AC6-4439-A34F-9D9A7B9021CB}.Release|x64.Deploy.0 = Release|Any CPU
		{41D61355-6AC6-4439-A34F-9D9A7B9021CB}.Release|x86.ActiveCfg = Release|Any CPU
		{41D61355-6AC6-4439-A34F-9D9A7B9021CB}.Release|x86.Build.0 = Release|Any CPU
		{41D61355-6AC6-4439-A34F-9D9A7B9021CB}.Release|x86.Deploy.0 = Release|Any CPU
		{C7A2D28C-409F-47E5-8288-88E8EB7505E4}.Ad-Hoc|Any CPU.ActiveCfg = Release|Any CPU
		{C7A2D28C-409F-47E5-8288-88E8EB7505E4}.Ad-Hoc|Any CPU.Build.0 = Release|Any CPU
		{C7A2D28C-409F-47E5-8288-88E8EB7505E4}.Ad-Hoc|ARM.ActiveCfg = Release|Any CPU
		{C7A2D28C-409F-47E5-8288-88E8EB7505E4}.Ad-Hoc|ARM.Build.0 = Release|Any CPU
		{C7A2D28C-409F-47E5-8288-88E8EB7505E4}.Ad-Hoc|iPhone.ActiveCfg = Release|Any CPU
		{C7A2D28C-409F-47E5-8288-88E8EB7505E4}.Ad-Hoc|iPhone.Build.0 = Release|Any CPU
		{C7A2D28C-409F-47E5-8288-88E8EB7505E4}.Ad-Hoc|iPhoneSimulator.ActiveCfg = Release|Any CPU
		{C7A2D28C-409F-47E5-8288-88E8EB7505E4}.Ad-Hoc|iPhoneSimulator.Build.0 = Release|Any CPU
		{C7A2D28C-409F-47E5-8288-88E8EB7505E4}.Ad-Hoc|x64.ActiveCfg = Release|Any CPU
		{C7A2D28C-409F-47E5-8288-88E8EB7505E4}.Ad-Hoc|x64.Build.0 = Release|Any CPU
		{C7A2D28C-409F-47E5-8288-88E8EB7505E4}.Ad-Hoc|x86.ActiveCfg = Release|Any CPU
		{C7A2D28C-409F-47E5-8288-88E8EB7505E4}.Ad-Hoc|x86.Build.0 = Release|Any CPU
		{C7A2D28C-409F-47E5-8288-88E8EB7505E4}.AppStore|Any CPU.ActiveCfg = Release|Any CPU
		{C7A2D28C-409F-47E5-8288-88E8EB7505E4}.AppStore|Any CPU.Build.0 = Release|Any CPU
		{C7A2D28C-409F-47E5-8288-88E8EB7505E4}.AppStore|ARM.ActiveCfg = Release|Any CPU
		{C7A2D28C-409F-47E5-8288-88E8EB7505E4}.AppStore|ARM.Build.0 = Release|Any CPU
		{C7A2D28C-409F-47E5-8288-88E8EB7505E4}.AppStore|iPhone.ActiveCfg = Release|Any CPU
		{C7A2D28C-409F-47E5-8288-88E8EB7505E4}.AppStore|iPhone.Build.0 = Release|Any CPU
		{C7A2D28C-409F-47E5-8288-88E8EB7505E4}.AppStore|iPhoneSimulator.ActiveCfg = Release|Any CPU
		{C7A2D28C-409F-47E5-8288-88E8EB7505E4}.AppStore|iPhoneSimulator.Build.0 = Release|Any CPU
		{C7A2D28C-409F-47E5-8288-88E8EB7505E4}.AppStore|x64.ActiveCfg = Release|Any CPU
		{C7A2D28C-409F-47E5-8288-88E8EB7505E4}.AppStore|x64.Build.0 = Release|Any CPU
		{C7A2D28C-409F-47E5-8288-88E8EB7505E4}.AppStore|x86.ActiveCfg = Release|Any CPU
		{C7A2D28C-409F-47E5-8288-88E8EB7505E4}.AppStore|x86.Build.0 = Release|Any CPU
		{C7A2D28C-409F-47E5-8288-88E8EB7505E4}.Debug|Any CPU.ActiveCfg = Debug|Any CPU
		{C7A2D28C-409F-47E5-8288-88E8EB7505E4}.Debug|Any CPU.Build.0 = Debug|Any CPU
		{C7A2D28C-409F-47E5-8288-88E8EB7505E4}.Debug|ARM.ActiveCfg = Debug|Any CPU
		{C7A2D28C-409F-47E5-8288-88E8EB7505E4}.Debug|ARM.Build.0 = Debug|Any CPU
		{C7A2D28C-409F-47E5-8288-88E8EB7505E4}.Debug|iPhone.ActiveCfg = Debug|Any CPU
		{C7A2D28C-409F-47E5-8288-88E8EB7505E4}.Debug|iPhone.Build.0 = Debug|Any CPU
		{C7A2D28C-409F-47E5-8288-88E8EB7505E4}.Debug|iPhoneSimulator.ActiveCfg = Debug|Any CPU
		{C7A2D28C-409F-47E5-8288-88E8EB7505E4}.Debug|iPhoneSimulator.Build.0 = Debug|Any CPU
		{C7A2D28C-409F-47E5-8288-88E8EB7505E4}.Debug|x64.ActiveCfg = Debug|Any CPU
		{C7A2D28C-409F-47E5-8288-88E8EB7505E4}.Debug|x64.Build.0 = Debug|Any CPU
		{C7A2D28C-409F-47E5-8288-88E8EB7505E4}.Debug|x86.ActiveCfg = Debug|Any CPU
		{C7A2D28C-409F-47E5-8288-88E8EB7505E4}.Debug|x86.Build.0 = Debug|Any CPU
		{C7A2D28C-409F-47E5-8288-88E8EB7505E4}.Release|Any CPU.ActiveCfg = Release|Any CPU
		{C7A2D28C-409F-47E5-8288-88E8EB7505E4}.Release|Any CPU.Build.0 = Release|Any CPU
		{C7A2D28C-409F-47E5-8288-88E8EB7505E4}.Release|ARM.ActiveCfg = Release|Any CPU
		{C7A2D28C-409F-47E5-8288-88E8EB7505E4}.Release|ARM.Build.0 = Release|Any CPU
		{C7A2D28C-409F-47E5-8288-88E8EB7505E4}.Release|iPhone.ActiveCfg = Release|Any CPU
		{C7A2D28C-409F-47E5-8288-88E8EB7505E4}.Release|iPhone.Build.0 = Release|Any CPU
		{C7A2D28C-409F-47E5-8288-88E8EB7505E4}.Release|iPhoneSimulator.ActiveCfg = Release|Any CPU
		{C7A2D28C-409F-47E5-8288-88E8EB7505E4}.Release|iPhoneSimulator.Build.0 = Release|Any CPU
		{C7A2D28C-409F-47E5-8288-88E8EB7505E4}.Release|x64.ActiveCfg = Release|Any CPU
		{C7A2D28C-409F-47E5-8288-88E8EB7505E4}.Release|x64.Build.0 = Release|Any CPU
		{C7A2D28C-409F-47E5-8288-88E8EB7505E4}.Release|x86.ActiveCfg = Release|Any CPU
		{C7A2D28C-409F-47E5-8288-88E8EB7505E4}.Release|x86.Build.0 = Release|Any CPU
		{02383841-851D-4983-966C-4170B0D090D1}.Ad-Hoc|Any CPU.ActiveCfg = Release|x86
		{02383841-851D-4983-966C-4170B0D090D1}.Ad-Hoc|Any CPU.Build.0 = Release|x86
		{02383841-851D-4983-966C-4170B0D090D1}.Ad-Hoc|Any CPU.Deploy.0 = Release|x86
		{02383841-851D-4983-966C-4170B0D090D1}.Ad-Hoc|ARM.ActiveCfg = Release|ARM
		{02383841-851D-4983-966C-4170B0D090D1}.Ad-Hoc|ARM.Build.0 = Release|ARM
		{02383841-851D-4983-966C-4170B0D090D1}.Ad-Hoc|ARM.Deploy.0 = Release|ARM
		{02383841-851D-4983-966C-4170B0D090D1}.Ad-Hoc|iPhone.ActiveCfg = Release|x86
		{02383841-851D-4983-966C-4170B0D090D1}.Ad-Hoc|iPhone.Build.0 = Release|x86
		{02383841-851D-4983-966C-4170B0D090D1}.Ad-Hoc|iPhone.Deploy.0 = Release|x86
		{02383841-851D-4983-966C-4170B0D090D1}.Ad-Hoc|iPhoneSimulator.ActiveCfg = Release|x86
		{02383841-851D-4983-966C-4170B0D090D1}.Ad-Hoc|iPhoneSimulator.Build.0 = Release|x86
		{02383841-851D-4983-966C-4170B0D090D1}.Ad-Hoc|iPhoneSimulator.Deploy.0 = Release|x86
		{02383841-851D-4983-966C-4170B0D090D1}.Ad-Hoc|x64.ActiveCfg = Release|x64
		{02383841-851D-4983-966C-4170B0D090D1}.Ad-Hoc|x64.Build.0 = Release|x64
		{02383841-851D-4983-966C-4170B0D090D1}.Ad-Hoc|x64.Deploy.0 = Release|x64
		{02383841-851D-4983-966C-4170B0D090D1}.Ad-Hoc|x86.ActiveCfg = Release|x86
		{02383841-851D-4983-966C-4170B0D090D1}.Ad-Hoc|x86.Build.0 = Release|x86
		{02383841-851D-4983-966C-4170B0D090D1}.Ad-Hoc|x86.Deploy.0 = Release|x86
		{02383841-851D-4983-966C-4170B0D090D1}.AppStore|Any CPU.ActiveCfg = Release|x86
		{02383841-851D-4983-966C-4170B0D090D1}.AppStore|Any CPU.Build.0 = Release|x86
		{02383841-851D-4983-966C-4170B0D090D1}.AppStore|Any CPU.Deploy.0 = Release|x86
		{02383841-851D-4983-966C-4170B0D090D1}.AppStore|ARM.ActiveCfg = Release|ARM
		{02383841-851D-4983-966C-4170B0D090D1}.AppStore|ARM.Build.0 = Release|ARM
		{02383841-851D-4983-966C-4170B0D090D1}.AppStore|ARM.Deploy.0 = Release|ARM
		{02383841-851D-4983-966C-4170B0D090D1}.AppStore|iPhone.ActiveCfg = Release|x86
		{02383841-851D-4983-966C-4170B0D090D1}.AppStore|iPhone.Build.0 = Release|x86
		{02383841-851D-4983-966C-4170B0D090D1}.AppStore|iPhone.Deploy.0 = Release|x86
		{02383841-851D-4983-966C-4170B0D090D1}.AppStore|iPhoneSimulator.ActiveCfg = Release|x86
		{02383841-851D-4983-966C-4170B0D090D1}.AppStore|iPhoneSimulator.Build.0 = Release|x86
		{02383841-851D-4983-966C-4170B0D090D1}.AppStore|iPhoneSimulator.Deploy.0 = Release|x86
		{02383841-851D-4983-966C-4170B0D090D1}.AppStore|x64.ActiveCfg = Release|x64
		{02383841-851D-4983-966C-4170B0D090D1}.AppStore|x64.Build.0 = Release|x64
		{02383841-851D-4983-966C-4170B0D090D1}.AppStore|x64.Deploy.0 = Release|x64
		{02383841-851D-4983-966C-4170B0D090D1}.AppStore|x86.ActiveCfg = Release|x86
		{02383841-851D-4983-966C-4170B0D090D1}.AppStore|x86.Build.0 = Release|x86
		{02383841-851D-4983-966C-4170B0D090D1}.AppStore|x86.Deploy.0 = Release|x86
		{02383841-851D-4983-966C-4170B0D090D1}.Debug|Any CPU.ActiveCfg = Debug|x86
		{02383841-851D-4983-966C-4170B0D090D1}.Debug|ARM.ActiveCfg = Debug|ARM
		{02383841-851D-4983-966C-4170B0D090D1}.Debug|ARM.Build.0 = Debug|ARM
		{02383841-851D-4983-966C-4170B0D090D1}.Debug|ARM.Deploy.0 = Debug|ARM
		{02383841-851D-4983-966C-4170B0D090D1}.Debug|iPhone.ActiveCfg = Debug|x86
		{02383841-851D-4983-966C-4170B0D090D1}.Debug|iPhoneSimulator.ActiveCfg = Debug|x86
		{02383841-851D-4983-966C-4170B0D090D1}.Debug|x64.ActiveCfg = Debug|x64
		{02383841-851D-4983-966C-4170B0D090D1}.Debug|x64.Build.0 = Debug|x64
		{02383841-851D-4983-966C-4170B0D090D1}.Debug|x64.Deploy.0 = Debug|x64
		{02383841-851D-4983-966C-4170B0D090D1}.Debug|x86.ActiveCfg = Debug|x86
		{02383841-851D-4983-966C-4170B0D090D1}.Debug|x86.Build.0 = Debug|x86
		{02383841-851D-4983-966C-4170B0D090D1}.Debug|x86.Deploy.0 = Debug|x86
		{02383841-851D-4983-966C-4170B0D090D1}.Release|Any CPU.ActiveCfg = Release|x86
		{02383841-851D-4983-966C-4170B0D090D1}.Release|ARM.ActiveCfg = Release|ARM
		{02383841-851D-4983-966C-4170B0D090D1}.Release|ARM.Build.0 = Release|ARM
		{02383841-851D-4983-966C-4170B0D090D1}.Release|ARM.Deploy.0 = Release|ARM
		{02383841-851D-4983-966C-4170B0D090D1}.Release|iPhone.ActiveCfg = Release|x86
		{02383841-851D-4983-966C-4170B0D090D1}.Release|iPhoneSimulator.ActiveCfg = Release|x86
		{02383841-851D-4983-966C-4170B0D090D1}.Release|x64.ActiveCfg = Release|x64
		{02383841-851D-4983-966C-4170B0D090D1}.Release|x64.Build.0 = Release|x64
		{02383841-851D-4983-966C-4170B0D090D1}.Release|x64.Deploy.0 = Release|x64
		{02383841-851D-4983-966C-4170B0D090D1}.Release|x86.ActiveCfg = Release|x86
		{02383841-851D-4983-966C-4170B0D090D1}.Release|x86.Build.0 = Release|x86
		{02383841-851D-4983-966C-4170B0D090D1}.Release|x86.Deploy.0 = Release|x86
		{12712B28-3396-4D5A-B526-A01149A19F27}.Ad-Hoc|Any CPU.ActiveCfg = Ad-Hoc|iPhoneSimulator
		{12712B28-3396-4D5A-B526-A01149A19F27}.Ad-Hoc|ARM.ActiveCfg = Ad-Hoc|iPhone
		{12712B28-3396-4D5A-B526-A01149A19F27}.Ad-Hoc|iPhone.ActiveCfg = Ad-Hoc|iPhone
		{12712B28-3396-4D5A-B526-A01149A19F27}.Ad-Hoc|iPhone.Build.0 = Ad-Hoc|iPhone
		{12712B28-3396-4D5A-B526-A01149A19F27}.Ad-Hoc|iPhoneSimulator.ActiveCfg = Ad-Hoc|iPhoneSimulator
		{12712B28-3396-4D5A-B526-A01149A19F27}.Ad-Hoc|iPhoneSimulator.Build.0 = Ad-Hoc|iPhoneSimulator
		{12712B28-3396-4D5A-B526-A01149A19F27}.Ad-Hoc|x64.ActiveCfg = Ad-Hoc|iPhone
		{12712B28-3396-4D5A-B526-A01149A19F27}.Ad-Hoc|x86.ActiveCfg = Ad-Hoc|iPhone
		{12712B28-3396-4D5A-B526-A01149A19F27}.AppStore|Any CPU.ActiveCfg = AppStore|iPhoneSimulator
		{12712B28-3396-4D5A-B526-A01149A19F27}.AppStore|ARM.ActiveCfg = AppStore|iPhone
		{12712B28-3396-4D5A-B526-A01149A19F27}.AppStore|iPhone.ActiveCfg = AppStore|iPhone
		{12712B28-3396-4D5A-B526-A01149A19F27}.AppStore|iPhone.Build.0 = AppStore|iPhone
		{12712B28-3396-4D5A-B526-A01149A19F27}.AppStore|iPhoneSimulator.ActiveCfg = AppStore|iPhoneSimulator
		{12712B28-3396-4D5A-B526-A01149A19F27}.AppStore|iPhoneSimulator.Build.0 = AppStore|iPhoneSimulator
		{12712B28-3396-4D5A-B526-A01149A19F27}.AppStore|x64.ActiveCfg = AppStore|iPhone
		{12712B28-3396-4D5A-B526-A01149A19F27}.AppStore|x86.ActiveCfg = AppStore|iPhone
		{12712B28-3396-4D5A-B526-A01149A19F27}.Debug|Any CPU.ActiveCfg = Debug|iPhoneSimulator
		{12712B28-3396-4D5A-B526-A01149A19F27}.Debug|ARM.ActiveCfg = Debug|iPhone
		{12712B28-3396-4D5A-B526-A01149A19F27}.Debug|iPhone.ActiveCfg = Debug|iPhone
		{12712B28-3396-4D5A-B526-A01149A19F27}.Debug|iPhone.Build.0 = Debug|iPhone
		{12712B28-3396-4D5A-B526-A01149A19F27}.Debug|iPhoneSimulator.ActiveCfg = Debug|iPhoneSimulator
		{12712B28-3396-4D5A-B526-A01149A19F27}.Debug|iPhoneSimulator.Build.0 = Debug|iPhoneSimulator
		{12712B28-3396-4D5A-B526-A01149A19F27}.Debug|x64.ActiveCfg = Debug|iPhone
		{12712B28-3396-4D5A-B526-A01149A19F27}.Debug|x86.ActiveCfg = Debug|iPhone
		{12712B28-3396-4D5A-B526-A01149A19F27}.Release|Any CPU.ActiveCfg = Release|iPhoneSimulator
		{12712B28-3396-4D5A-B526-A01149A19F27}.Release|ARM.ActiveCfg = Release|iPhone
		{12712B28-3396-4D5A-B526-A01149A19F27}.Release|iPhone.ActiveCfg = Release|iPhone
		{12712B28-3396-4D5A-B526-A01149A19F27}.Release|iPhone.Build.0 = Release|iPhone
		{12712B28-3396-4D5A-B526-A01149A19F27}.Release|iPhoneSimulator.ActiveCfg = Release|iPhoneSimulator
		{12712B28-3396-4D5A-B526-A01149A19F27}.Release|iPhoneSimulator.Build.0 = Release|iPhoneSimulator
		{12712B28-3396-4D5A-B526-A01149A19F27}.Release|x64.ActiveCfg = Release|iPhone
		{12712B28-3396-4D5A-B526-A01149A19F27}.Release|x86.ActiveCfg = Release|iPhone
	EndGlobalSection
	GlobalSection(SolutionProperties) = preSolution
		HideSolutionNode = FALSE
	EndGlobalSection
	GlobalSection(ExtensibilityGlobals) = postSolution
		SolutionGuid = {9349FAA6-1C72-4B0C-9C89-ED085CD06E36}
	EndGlobalSection
EndGlobal
